
Microsoft Visual Studio Solution File, Format Version 12.00
# Visual Studio Version 16
VisualStudioVersion = 16.0.32428.217
MinimumVisualStudioVersion = 10.0.40219.1
Project("{FAE04EC0-301F-11D3-BF4B-00C04F79EFBC}") = "Grafik_Deneme", "Grafik_Deneme\Grafik_Deneme.csproj", "{DB2235CC-E2D6-4D3B-B293-856BA93ED686}"
EndProject
Global
	GlobalSection(SolutionConfigurationPlatforms) = preSolution
		Debug|Any CPU = Debug|Any CPU
		Release|Any CPU = Release|Any CPU
	EndGlobalSection
	GlobalSection(ProjectConfigurationPlatforms) = postSolution
		{DB2235CC-E2D6-4D3B-B293-856BA93ED686}.Debug|Any CPU.ActiveCfg = Debug|Any CPU
		{DB2235CC-E2D6-4D3B-B293-856BA93ED686}.Debug|Any CPU.Build.0 = Debug|Any CPU
		{DB2235CC-E2D6-4D3B-B293-856BA93ED686}.Release|Any CPU.ActiveCfg = Release|Any CPU
		{DB2235CC-E2D6-4D3B-B293-856BA93ED686}.Release|Any CPU.Build.0 = Release|Any CPU
	EndGlobalSection
	GlobalSection(SolutionProperties) = preSolution
		HideSolutionNode = FALSE
	EndGlobalSection
	GlobalSection(ExtensibilityGlobals) = postSolution
		SolutionGuid = {5D60B3A0-7BA4-4C45-8096-5B66E280CA9F}
	EndGlobalSection
EndGlobal
